// !$*UTF8*$!
{
	archiveVersion = 1;
	classes = {
	};
	objectVersion = 56;
	objects = {

/* Begin PBXBuildFile section */
		BC5614BB2AEBDD5B00FD4F13 /* AppDelegate.swift in Sources */ = {isa = PBXBuildFile; fileRef = BC5614BA2AEBDD5B00FD4F13 /* AppDelegate.swift */; };
		BC5614BD2AEBDD5B00FD4F13 /* SceneDelegate.swift in Sources */ = {isa = PBXBuildFile; fileRef = BC5614BC2AEBDD5B00FD4F13 /* SceneDelegate.swift */; };
		BC5614C22AEBDD5B00FD4F13 /* Main.storyboard in Resources */ = {isa = PBXBuildFile; fileRef = BC5614C02AEBDD5B00FD4F13 /* Main.storyboard */; };
		BC5614C42AEBDD5E00FD4F13 /* Assets.xcassets in Resources */ = {isa = PBXBuildFile; fileRef = BC5614C32AEBDD5E00FD4F13 /* Assets.xcassets */; };
		BC5614C72AEBDD5E00FD4F13 /* LaunchScreen.storyboard in Resources */ = {isa = PBXBuildFile; fileRef = BC5614C52AEBDD5E00FD4F13 /* LaunchScreen.storyboard */; };
		BC5614D32AEBDEAF00FD4F13 /* DataManager.swift in Sources */ = {isa = PBXBuildFile; fileRef = BC5614D22AEBDEAF00FD4F13 /* DataManager.swift */; };
		BC5614D52AEBDFFF00FD4F13 /* Song.swift in Sources */ = {isa = PBXBuildFile; fileRef = BC5614D42AEBDFFF00FD4F13 /* Song.swift */; };
		BC5614D72AED5C5C00FD4F13 /* TrackTableViewController.swift in Sources */ = {isa = PBXBuildFile; fileRef = BC5614D62AED5C5C00FD4F13 /* TrackTableViewController.swift */; };
		BC5614D92AED628F00FD4F13 /* DetailViewController.swift in Sources */ = {isa = PBXBuildFile; fileRef = BC5614D82AED628F00FD4F13 /* DetailViewController.swift */; };
		BC5614DB2AED706500FD4F13 /* MovieTableViewCell.swift in Sources */ = {isa = PBXBuildFile; fileRef = BC5614DA2AED706500FD4F13 /* MovieTableViewCell.swift */; };
		BC5614DD2AED718C00FD4F13 /* MovieTableViewController.swift in Sources */ = {isa = PBXBuildFile; fileRef = BC5614DC2AED718C00FD4F13 /* MovieTableViewController.swift */; };
/* End PBXBuildFile section */

/* Begin PBXFileReference section */
		BC5614B72AEBDD5B00FD4F13 /* TableViewApp.app */ = {isa = PBXFileReference; explicitFileType = wrapper.application; includeInIndex = 0; path = TableViewApp.app; sourceTree = BUILT_PRODUCTS_DIR; };
		BC5614BA2AEBDD5B00FD4F13 /* AppDelegate.swift */ = {isa = PBXFileReference; lastKnownFileType = sourcecode.swift; path = AppDelegate.swift; sourceTree = "<group>"; };
		BC5614BC2AEBDD5B00FD4F13 /* SceneDelegate.swift */ = {isa = PBXFileReference; lastKnownFileType = sourcecode.swift; path = SceneDelegate.swift; sourceTree = "<group>"; };
		BC5614C12AEBDD5B00FD4F13 /* Base */ = {isa = PBXFileReference; lastKnownFileType = file.storyboard; name = Base; path = Base.lproj/Main.storyboard; sourceTree = "<group>"; };
		BC5614C32AEBDD5E00FD4F13 /* Assets.xcassets */ = {isa = PBXFileReference; lastKnownFileType = folder.assetcatalog; path = Assets.xcassets; sourceTree = "<group>"; };
		BC5614C62AEBDD5E00FD4F13 /* Base */ = {isa = PBXFileReference; lastKnownFileType = file.storyboard; name = Base; path = Base.lproj/LaunchScreen.storyboard; sourceTree = "<group>"; };
		BC5614C82AEBDD5E00FD4F13 /* Info.plist */ = {isa = PBXFileReference; lastKnownFileType = text.plist.xml; path = Info.plist; sourceTree = "<group>"; };
		BC5614D22AEBDEAF00FD4F13 /* DataManager.swift */ = {isa = PBXFileReference; lastKnownFileType = sourcecode.swift; path = DataManager.swift; sourceTree = "<group>"; };
		BC5614D42AEBDFFF00FD4F13 /* Song.swift */ = {isa = PBXFileReference; lastKnownFileType = sourcecode.swift; path = Song.swift; sourceTree = "<group>"; };
		BC5614D62AED5C5C00FD4F13 /* TrackTableViewController.swift */ = {isa = PBXFileReference; lastKnownFileType = sourcecode.swift; path = TrackTableViewController.swift; sourceTree = "<group>"; };
		BC5614D82AED628F00FD4F13 /* DetailViewController.swift */ = {isa = PBXFileReference; lastKnownFileType = sourcecode.swift; path = DetailViewController.swift; sourceTree = "<group>"; };
		BC5614DA2AED706500FD4F13 /* MovieTableViewCell.swift */ = {isa = PBXFileReference; lastKnownFileType = sourcecode.swift; path = MovieTableViewCell.swift; sourceTree = "<group>"; };
		BC5614DC2AED718C00FD4F13 /* MovieTableViewController.swift */ = {isa = PBXFileReference; lastKnownFileType = sourcecode.swift; path = MovieTableViewController.swift; sourceTree = "<group>"; };
/* End PBXFileReference section */

/* Begin PBXFrameworksBuildPhase section */
		BC5614B42AEBDD5A00FD4F13 /* Frameworks */ = {
			isa = PBXFrameworksBuildPhase;
			buildActionMask = 2147483647;
			files = (
			);
			runOnlyForDeploymentPostprocessing = 0;
		};
/* End PBXFrameworksBuildPhase section */

/* Begin PBXGroup section */
		BC5614AE2AEBDD5A00FD4F13 = {
			isa = PBXGroup;
			children = (
				BC5614B92AEBDD5B00FD4F13 /* TableViewApp */,
				BC5614B82AEBDD5B00FD4F13 /* Products */,
			);
			sourceTree = "<group>";
		};
		BC5614B82AEBDD5B00FD4F13 /* Products */ = {
			isa = PBXGroup;
			children = (
				BC5614B72AEBDD5B00FD4F13 /* TableViewApp.app */,
			);
			name = Products;
			sourceTree = "<group>";
		};
		BC5614B92AEBDD5B00FD4F13 /* TableViewApp */ = {
			isa = PBXGroup;
			children = (
				BC5614D12AEBDE7F00FD4F13 /* Model */,
				BC5614CE2AEBDD6B00FD4F13 /* AppDelegate */,
				BC5614CF2AEBDD7700FD4F13 /* Controller */,
				BC5614D02AEBDD8100FD4F13 /* View */,
				BC5614C32AEBDD5E00FD4F13 /* Assets.xcassets */,
				BC5614C82AEBDD5E00FD4F13 /* Info.plist */,
			);
			path = TableViewApp;
			sourceTree = "<group>";
		};
		BC5614CE2AEBDD6B00FD4F13 /* AppDelegate */ = {
			isa = PBXGroup;
			children = (
				BC5614BA2AEBDD5B00FD4F13 /* AppDelegate.swift */,
				BC5614BC2AEBDD5B00FD4F13 /* SceneDelegate.swift */,
			);
			path = AppDelegate;
			sourceTree = "<group>";
		};
		BC5614CF2AEBDD7700FD4F13 /* Controller */ = {
			isa = PBXGroup;
			children = (
				BC5614D62AED5C5C00FD4F13 /* TrackTableViewController.swift */,
				BC5614D82AED628F00FD4F13 /* DetailViewController.swift */,
				BC5614DA2AED706500FD4F13 /* MovieTableViewCell.swift */,
				BC5614DC2AED718C00FD4F13 /* MovieTableViewController.swift */,
			);
			path = Controller;
			sourceTree = "<group>";
		};
		BC5614D02AEBDD8100FD4F13 /* View */ = {
			isa = PBXGroup;
			children = (
				BC5614C02AEBDD5B00FD4F13 /* Main.storyboard */,
				BC5614C52AEBDD5E00FD4F13 /* LaunchScreen.storyboard */,
			);
			path = View;
			sourceTree = "<group>";
		};
		BC5614D12AEBDE7F00FD4F13 /* Model */ = {
			isa = PBXGroup;
			children = (
				BC5614D22AEBDEAF00FD4F13 /* DataManager.swift */,
				BC5614D42AEBDFFF00FD4F13 /* Song.swift */,
			);
			path = Model;
			sourceTree = "<group>";
		};
/* End PBXGroup section */

/* Begin PBXNativeTarget section */
		BC5614B62AEBDD5A00FD4F13 /* TableViewApp */ = {
			isa = PBXNativeTarget;
			buildConfigurationList = BC5614CB2AEBDD5E00FD4F13 /* Build configuration list for PBXNativeTarget "TableViewApp" */;
			buildPhases = (
				BC5614B32AEBDD5A00FD4F13 /* Sources */,
				BC5614B42AEBDD5A00FD4F13 /* Frameworks */,
				BC5614B52AEBDD5A00FD4F13 /* Resources */,
			);
			buildRules = (
			);
			dependencies = (
			);
			name = TableViewApp;
			productName = TableViewApp;
			productReference = BC5614B72AEBDD5B00FD4F13 /* TableViewApp.app */;
			productType = "com.apple.product-type.application";
		};
/* End PBXNativeTarget section */

/* Begin PBXProject section */
		BC5614AF2AEBDD5A00FD4F13 /* Project object */ = {
			isa = PBXProject;
			attributes = {
				BuildIndependentTargetsInParallel = 1;
				LastSwiftUpdateCheck = 1500;
				LastUpgradeCheck = 1500;
				TargetAttributes = {
					BC5614B62AEBDD5A00FD4F13 = {
						CreatedOnToolsVersion = 15.0.1;
					};
				};
			};
			buildConfigurationList = BC5614B22AEBDD5A00FD4F13 /* Build configuration list for PBXProject "TableViewApp" */;
			compatibilityVersion = "Xcode 14.0";
			developmentRegion = en;
			hasScannedForEncodings = 0;
			knownRegions = (
				en,
				Base,
			);
			mainGroup = BC5614AE2AEBDD5A00FD4F13;
			productRefGroup = BC5614B82AEBDD5B00FD4F13 /* Products */;
			projectDirPath = "";
			projectRoot = "";
			targets = (
				BC5614B62AEBDD5A00FD4F13 /* TableViewApp */,
			);
		};
/* End PBXProject section */

/* Begin PBXResourcesBuildPhase section */
		BC5614B52AEBDD5A00FD4F13 /* Resources */ = {
			isa = PBXResourcesBuildPhase;
			buildActionMask = 2147483647;
			files = (
				BC5614C72AEBDD5E00FD4F13 /* LaunchScreen.storyboard in Resources */,
				BC5614C42AEBDD5E00FD4F13 /* Assets.xcassets in Resources */,
				BC5614C22AEBDD5B00FD4F13 /* Main.storyboard in Resources */,
			);
			runOnlyForDeploymentPostprocessing = 0;
		};
/* End PBXResourcesBuildPhase section */

/* Begin PBXSourcesBuildPhase section */
		BC5614B32AEBDD5A00FD4F13 /* Sources */ = {
			isa = PBXSourcesBuildPhase;
			buildActionMask = 2147483647;
			files = (
				BC5614DD2AED718C00FD4F13 /* MovieTableViewController.swift in Sources */,
				BC5614D32AEBDEAF00FD4F13 /* DataManager.swift in Sources */,
				BC5614BB2AEBDD5B00FD4F13 /* AppDelegate.swift in Sources */,
				BC5614DB2AED706500FD4F13 /* MovieTableViewCell.swift in Sources */,
				BC5614D72AED5C5C00FD4F13 /* TrackTableViewController.swift in Sources */,
				BC5614D92AED628F00FD4F13 /* DetailViewController.swift in Sources */,
				BC5614BD2AEBDD5B00FD4F13 /* SceneDelegate.swift in Sources */,
				BC5614D52AEBDFFF00FD4F13 /* Song.swift in Sources */,
			);
			runOnlyForDeploymentPostprocessing = 0;
		};
/* End PBXSourcesBuildPhase section */

/* Begin PBXVariantGroup section */
		BC5614C02AEBDD5B00FD4F13 /* Main.storyboard */ = {
			isa = PBXVariantGroup;
			children = (
				BC5614C12AEBDD5B00FD4F13 /* Base */,
			);
			name = Main.storyboard;
			sourceTree = "<group>";
		};
		BC5614C52AEBDD5E00FD4F13 /* LaunchScreen.storyboard */ = {
			isa = PBXVariantGroup;
			children = (
				BC5614C62AEBDD5E00FD4F13 /* Base */,
			);
			name = LaunchScreen.storyboard;
			sourceTree = "<group>";
		};
/* End PBXVariantGroup section */

/* Begin XCBuildConfiguration section */
		BC5614C92AEBDD5E00FD4F13 /* Debug */ = {
			isa = XCBuildConfiguration;
			buildSettings = {
				ALWAYS_SEARCH_USER_PATHS = NO;
				ASSETCATALOG_COMPILER_GENERATE_SWIFT_ASSET_SYMBOL_EXTENSIONS = YES;
				CLANG_ANALYZER_NONNULL = YES;
				CLANG_ANALYZER_NUMBER_OBJECT_CONVERSION = YES_AGGRESSIVE;
				CLANG_CXX_LANGUAGE_STANDARD = "gnu++20";
				CLANG_ENABLE_MODULES = YES;
				CLANG_ENABLE_OBJC_ARC = YES;
				CLANG_ENABLE_OBJC_WEAK = YES;
				CLANG_WARN_BLOCK_CAPTURE_AUTORELEASING = YES;
				CLANG_WARN_BOOL_CONVERSION = YES;
				CLANG_WARN_COMMA = YES;
				CLANG_WARN_CONSTANT_CONVERSION = YES;
				CLANG_WARN_DEPRECATED_OBJC_IMPLEMENTATIONS = YES;
				CLANG_WARN_DIRECT_OBJC_ISA_USAGE = YES_ERROR;
				CLANG_WARN_DOCUMENTATION_COMMENTS = YES;
				CLANG_WARN_EMPTY_BODY = YES;
				CLANG_WARN_ENUM_CONVERSION = YES;
				CLANG_WARN_INFINITE_RECURSION = YES;
				CLANG_WARN_INT_CONVERSION = YES;
				CLANG_WARN_NON_LITERAL_NULL_CONVERSION = YES;
				CLANG_WARN_OBJC_IMPLICIT_RETAIN_SELF = YES;
				CLANG_WARN_OBJC_LITERAL_CONVERSION = YES;
				CLANG_WARN_OBJC_ROOT_CLASS = YES_ERROR;
				CLANG_WARN_QUOTED_INCLUDE_IN_FRAMEWORK_HEADER = YES;
				CLANG_WARN_RANGE_LOOP_ANALYSIS = YES;
				CLANG_WARN_STRICT_PROTOTYPES = YES;
				CLANG_WARN_SUSPICIOUS_MOVE = YES;
				CLANG_WARN_UNGUARDED_AVAILABILITY = YES_AGGRESSIVE;
				CLANG_WARN_UNREACHABLE_CODE = YES;
				CLANG_WARN__DUPLICATE_METHOD_MATCH = YES;
				COPY_PHASE_STRIP = NO;
				DEBUG_INFORMATION_FORMAT = dwarf;
				ENABLE_STRICT_OBJC_MSGSEND = YES;
				ENABLE_TESTABILITY = YES;
				ENABLE_USER_SCRIPT_SANDBOXING = YES;
				GCC_C_LANGUAGE_STANDARD = gnu17;
				GCC_DYNAMIC_NO_PIC = NO;
				GCC_NO_COMMON_BLOCKS = YES;
				GCC_OPTIMIZATION_LEVEL = 0;
				GCC_PREPROCESSOR_DEFINITIONS = (
					"DEBUG=1",
					"$(inherited)",
				);
				GCC_WARN_64_TO_32_BIT_CONVERSION = YES;
				GCC_WARN_ABOUT_RETURN_TYPE = YES_ERROR;
				GCC_WARN_UNDECLARED_SELECTOR = YES;
				GCC_WARN_UNINITIALIZED_AUTOS = YES_AGGRESSIVE;
				GCC_WARN_UNUSED_FUNCTION = YES;
				GCC_WARN_UNUSED_VARIABLE = YES;
				IPHONEOS_DEPLOYMENT_TARGET = 17.0;
				LOCALIZATION_PREFERS_STRING_CATALOGS = YES;
				MTL_ENABLE_DEBUG_INFO = INCLUDE_SOURCE;
				MTL_FAST_MATH = YES;
				ONLY_ACTIVE_ARCH = YES;
				SDKROOT = iphoneos;
				SWIFT_ACTIVE_COMPILATION_CONDITIONS = "DEBUG $(inherited)";
				SWIFT_OPTIMIZATION_LEVEL = "-Onone";
			};
			name = Debug;
		};
		BC5614CA2AEBDD5E00FD4F13 /* Release */ = {
			isa = XCBuildConfiguration;
			buildSettings = {
				ALWAYS_SEARCH_USER_PATHS = NO;
				ASSETCATALOG_COMPILER_GENERATE_SWIFT_ASSET_SYMBOL_EXTENSIONS = YES;
				CLANG_ANALYZER_NONNULL = YES;
				CLANG_ANALYZER_NUMBER_OBJECT_CONVERSION = YES_AGGRESSIVE;
				CLANG_CXX_LANGUAGE_STANDARD = "gnu++20";
				CLANG_ENABLE_MODULES = YES;
				CLANG_ENABLE_OBJC_ARC = YES;
				CLANG_ENABLE_OBJC_WEAK = YES;
				CLANG_WARN_BLOCK_CAPTURE_AUTORELEASING = YES;
				CLANG_WARN_BOOL_CONVERSION = YES;
				CLANG_WARN_COMMA = YES;
				CLANG_WARN_CONSTANT_CONVERSION = YES;
				CLANG_WARN_DEPRECATED_OBJC_IMPLEMENTATIONS = YES;
				CLANG_WARN_DIRECT_OBJC_ISA_USAGE = YES_ERROR;
				CLANG_WARN_DOCUMENTATION_COMMENTS = YES;
				CLANG_WARN_EMPTY_BODY = YES;
				CLANG_WARN_ENUM_CONVERSION = YES;
				CLANG_WARN_INFINITE_RECURSION = YES;
				CLANG_WARN_INT_CONVERSION = YES;
				CLANG_WARN_NON_LITERAL_NULL_CONVERSION = YES;
				CLANG_WARN_OBJC_IMPLICIT_RETAIN_SELF = YES;
				CLANG_WARN_OBJC_LITERAL_CONVERSION = YES;
				CLANG_WARN_OBJC_ROOT_CLASS = YES_ERROR;
				CLANG_WARN_QUOTED_INCLUDE_IN_FRAMEWORK_HEADER = YES;
				CLANG_WARN_RANGE_LOOP_ANALYSIS = YES;
				CLANG_WARN_STRICT_PROTOTYPES = YES;
				CLANG_WARN_SUSPICIOUS_MOVE = YES;
				CLANG_WARN_UNGUARDED_AVAILABILITY = YES_AGGRESSIVE;
				CLANG_WARN_UNREACHABLE_CODE = YES;
				CLANG_WARN__DUPLICATE_METHOD_MATCH = YES;
				COPY_PHASE_STRIP = NO;
				DEBUG_INFORMATION_FORMAT = "dwarf-with-dsym";
				ENABLE_NS_ASSERTIONS = NO;
				ENABLE_STRICT_OBJC_MSGSEND = YES;
				ENABLE_USER_SCRIPT_SANDBOXING = YES;
				GCC_C_LANGUAGE_STANDARD = gnu17;
				GCC_NO_COMMON_BLOCKS = YES;
				GCC_WARN_64_TO_32_BIT_CONVERSION = YES;
				GCC_WARN_ABOUT_RETURN_TYPE = YES_ERROR;
				GCC_WARN_UNDECLARED_SELECTOR = YES;
				GCC_WARN_UNINITIALIZED_AUTOS = YES_AGGRESSIVE;
				GCC_WARN_UNUSED_FUNCTION = YES;
				GCC_WARN_UNUSED_VARIABLE = YES;
				IPHONEOS_DEPLOYMENT_TARGET = 17.0;
				LOCALIZATION_PREFERS_STRING_CATALOGS = YES;
				MTL_ENABLE_DEBUG_INFO = NO;
				MTL_FAST_MATH = YES;
				SDKROOT = iphoneos;
				SWIFT_COMPILATION_MODE = wholemodule;
				VALIDATE_PRODUCT = YES;
			};
			name = Release;
		};
		BC5614CC2AEBDD5E00FD4F13 /* Debug */ = {
			isa = XCBuildConfiguration;
			buildSettings = {
				ASSETCATALOG_COMPILER_APPICON_NAME = AppIcon;
				ASSETCATALOG_COMPILER_GLOBAL_ACCENT_COLOR_NAME = AccentColor;
				CODE_SIGN_STYLE = Automatic;
				CURRENT_PROJECT_VERSION = 1;
				DEVELOPMENT_TEAM = 286MJB8J65;
				GENERATE_INFOPLIST_FILE = YES;
				INFOPLIST_FILE = TableViewApp/Info.plist;
				INFOPLIST_KEY_UIApplicationSupportsIndirectInputEvents = YES;
				INFOPLIST_KEY_UILaunchStoryboardName = LaunchScreen;
				INFOPLIST_KEY_UIMainStoryboardFile = Main;
				INFOPLIST_KEY_UISupportedInterfaceOrientations_iPad = "UIInterfaceOrientationPortrait UIInterfaceOrientationPortraitUpsideDown UIInterfaceOrientationLandscapeLeft UIInterfaceOrientationLandscapeRight";
				INFOPLIST_KEY_UISupportedInterfaceOrientations_iPhone = "UIInterfaceOrientationPortrait UIInterfaceOrientationLandscapeLeft UIInterfaceOrientationLandscapeRight";
				LD_RUNPATH_SEARCH_PATHS = (
					"$(inherited)",
					"@executable_path/Frameworks",
				);
				MARKETING_VERSION = 1.0;
				PRODUCT_BUNDLE_IDENTIFIER = com.accenturebootcamp.TableViewApp;
				PRODUCT_NAME = "$(TARGET_NAME)";
				SWIFT_EMIT_LOC_STRINGS = YES;
				SWIFT_VERSION = 5.0;
				TARGETED_DEVICE_FAMILY = "1,2";
			};
			name = Debug;
		};
		BC5614CD2AEBDD5E00FD4F13 /* Release */ = {
			isa = XCBuildConfiguration;
			buildSettings = {
				ASSETCATALOG_COMPILER_APPICON_NAME = AppIcon;
				ASSETCATALOG_COMPILER_GLOBAL_ACCENT_COLOR_NAME = AccentColor;
				CODE_SIGN_STYLE = Automatic;
				CURRENT_PROJECT_VERSION = 1;
				DEVELOPMENT_TEAM = 286MJB8J65;
				GENERATE_INFOPLIST_FILE = YES;
				INFOPLIST_FILE = TableViewApp/Info.plist;
				INFOPLIST_KEY_UIApplicationSupportsIndirectInputEvents = YES;
				INFOPLIST_KEY_UILaunchStoryboardName = LaunchScreen;
				INFOPLIST_KEY_UIMainStoryboardFile = Main;
				INFOPLIST_KEY_UISupportedInterfaceOrientations_iPad = "UIInterfaceOrientationPortrait UIInterfaceOrientationPortraitUpsideDown UIInterfaceOrientationLandscapeLeft UIInterfaceOrientationLandscapeRight";
				INFOPLIST_KEY_UISupportedInterfaceOrientations_iPhone = "UIInterfaceOrientationPortrait UIInterfaceOrientationLandscapeLeft UIInterfaceOrientationLandscapeRight";
				LD_RUNPATH_SEARCH_PATHS = (
					"$(inherited)",
					"@executable_path/Frameworks",
				);
				MARKETING_VERSION = 1.0;
				PRODUCT_BUNDLE_IDENTIFIER = com.accenturebootcamp.TableViewApp;
				PRODUCT_NAME = "$(TARGET_NAME)";
				SWIFT_EMIT_LOC_STRINGS = YES;
				SWIFT_VERSION = 5.0;
				TARGETED_DEVICE_FAMILY = "1,2";
			};
			name = Release;
		};
/* End XCBuildConfiguration section */

/* Begin XCConfigurationList section */
		BC5614B22AEBDD5A00FD4F13 /* Build configuration list for PBXProject "TableViewApp" */ = {
			isa = XCConfigurationList;
			buildConfigurations = (
				BC5614C92AEBDD5E00FD4F13 /* Debug */,
				BC5614CA2AEBDD5E00FD4F13 /* Release */,
			);
			defaultConfigurationIsVisible = 0;
			defaultConfigurationName = Release;
		};
		BC5614CB2AEBDD5E00FD4F13 /* Build configuration list for PBXNativeTarget "TableViewApp" */ = {
			isa = XCConfigurationList;
			buildConfigurations = (
				BC5614CC2AEBDD5E00FD4F13 /* Debug */,
				BC5614CD2AEBDD5E00FD4F13 /* Release */,
			);
			defaultConfigurationIsVisible = 0;
			defaultConfigurationName = Release;
		};
/* End XCConfigurationList section */
	};
	rootObject = BC5614AF2AEBDD5A00FD4F13 /* Project object */;
}
